
Microsoft Visual Studio Solution File, Format Version 12.00
# Visual Studio 2015
Project("{FAE04EC0-301F-11D3-BF4B-00C04F79EFBC}") = "EvoSky0.6.Plugins", "EvoSky0.6.Plugins.csproj", "{C21524CB-139E-B4DE-EBA1-B74132A043A6}"
EndProject
Project("{FAE04EC0-301F-11D3-BF4B-00C04F79EFBC}") = "EvoSky0.6", "EvoSky0.6.csproj", "{ABD7FF1E-0FF9-BB36-2238-673E3DA546B1}"
EndProject
Project("{FAE04EC0-301F-11D3-BF4B-00C04F79EFBC}") = "EvoSky0.6.Editor", "EvoSky0.6.Editor.csproj", "{A2CA14A7-8351-4962-ACDF-C0C5DEB1A393}"
EndProject
Global
	GlobalSection(SolutionConfigurationPlatforms) = preSolution
		Debug|Any CPU = Debug|Any CPU
		Release|Any CPU = Release|Any CPU
	EndGlobalSection
	GlobalSection(ProjectConfigurationPlatforms) = postSolution
		{C21524CB-139E-B4DE-EBA1-B74132A043A6}.Debug|Any CPU.ActiveCfg = Debug|Any CPU
		{C21524CB-139E-B4DE-EBA1-B74132A043A6}.Debug|Any CPU.Build.0 = Debug|Any CPU
		{C21524CB-139E-B4DE-EBA1-B74132A043A6}.Release|Any CPU.ActiveCfg = Release|Any CPU
		{C21524CB-139E-B4DE-EBA1-B74132A043A6}.Release|Any CPU.Build.0 = Release|Any CPU
		{ABD7FF1E-0FF9-BB36-2238-673E3DA546B1}.Debug|Any CPU.ActiveCfg = Debug|Any CPU
		{ABD7FF1E-0FF9-BB36-2238-673E3DA546B1}.Debug|Any CPU.Build.0 = Debug|Any CPU
		{ABD7FF1E-0FF9-BB36-2238-673E3DA546B1}.Release|Any CPU.ActiveCfg = Release|Any CPU
		{ABD7FF1E-0FF9-BB36-2238-673E3DA546B1}.Release|Any CPU.Build.0 = Release|Any CPU
		{A2CA14A7-8351-4962-ACDF-C0C5DEB1A393}.Debug|Any CPU.ActiveCfg = Debug|Any CPU
		{A2CA14A7-8351-4962-ACDF-C0C5DEB1A393}.Debug|Any CPU.Build.0 = Debug|Any CPU
		{A2CA14A7-8351-4962-ACDF-C0C5DEB1A393}.Release|Any CPU.ActiveCfg = Release|Any CPU
		{A2CA14A7-8351-4962-ACDF-C0C5DEB1A393}.Release|Any CPU.Build.0 = Release|Any CPU
	EndGlobalSection
	GlobalSection(SolutionProperties) = preSolution
		HideSolutionNode = FALSE
	EndGlobalSection
EndGlobal
