
Microsoft Visual Studio Solution File, Format Version 12.00
# Visual Studio 2015
Project("{FAE04EC0-301F-11D3-BF4B-00C04F79EFBC}") = "EvoSky0.7.Plugins", "EvoSky0.7.Plugins.csproj", "{6322C122-6843-736D-FBE5-D7814EB414B7}"
EndProject
Project("{FAE04EC0-301F-11D3-BF4B-00C04F79EFBC}") = "EvoSky0.7", "EvoSky0.7.csproj", "{70A68332-6842-7E1D-BBA0-02C068E859A7}"
EndProject
Project("{FAE04EC0-301F-11D3-BF4B-00C04F79EFBC}") = "EvoSky0.7.Editor", "EvoSky0.7.Editor.csproj", "{390E0F47-FC88-75B6-7E9D-EB4E028A7F73}"
EndProject
Global
	GlobalSection(SolutionConfigurationPlatforms) = preSolution
		Debug|Any CPU = Debug|Any CPU
		Release|Any CPU = Release|Any CPU
	EndGlobalSection
	GlobalSection(ProjectConfigurationPlatforms) = postSolution
		{6322C122-6843-736D-FBE5-D7814EB414B7}.Debug|Any CPU.ActiveCfg = Debug|Any CPU
		{6322C122-6843-736D-FBE5-D7814EB414B7}.Debug|Any CPU.Build.0 = Debug|Any CPU
		{6322C122-6843-736D-FBE5-D7814EB414B7}.Release|Any CPU.ActiveCfg = Release|Any CPU
		{6322C122-6843-736D-FBE5-D7814EB414B7}.Release|Any CPU.Build.0 = Release|Any CPU
		{70A68332-6842-7E1D-BBA0-02C068E859A7}.Debug|Any CPU.ActiveCfg = Debug|Any CPU
		{70A68332-6842-7E1D-BBA0-02C068E859A7}.Debug|Any CPU.Build.0 = Debug|Any CPU
		{70A68332-6842-7E1D-BBA0-02C068E859A7}.Release|Any CPU.ActiveCfg = Release|Any CPU
		{70A68332-6842-7E1D-BBA0-02C068E859A7}.Release|Any CPU.Build.0 = Release|Any CPU
		{390E0F47-FC88-75B6-7E9D-EB4E028A7F73}.Debug|Any CPU.ActiveCfg = Debug|Any CPU
		{390E0F47-FC88-75B6-7E9D-EB4E028A7F73}.Debug|Any CPU.Build.0 = Debug|Any CPU
		{390E0F47-FC88-75B6-7E9D-EB4E028A7F73}.Release|Any CPU.ActiveCfg = Release|Any CPU
		{390E0F47-FC88-75B6-7E9D-EB4E028A7F73}.Release|Any CPU.Build.0 = Release|Any CPU
	EndGlobalSection
	GlobalSection(SolutionProperties) = preSolution
		HideSolutionNode = FALSE
	EndGlobalSection
EndGlobal
